
Microsoft Visual Studio Solution File, Format Version 12.00
# Visual Studio 14
VisualStudioVersion = 14.0.25420.1
MinimumVisualStudioVersion = 10.0.40219.1
Project("{FAE04EC0-301F-11D3-BF4B-00C04F79EFBC}") = "DataSource", "DataSource\DataSource.csproj", "{6964E2BC-0915-4C6E-95B5-E749C36C9488}"
EndProject
Project("{FAE04EC0-301F-11D3-BF4B-00C04F79EFBC}") = "Com1For1C", "Com1For1C\Com1For1C.csproj", "{3444B998-D99F-4D67-8645-9E426EEAD11D}"
EndProject
Project("{FAE04EC0-301F-11D3-BF4B-00C04F79EFBC}") = "ConsoleApplication1", "ConsoleApplication1\ConsoleApplication1.csproj", "{E5464836-7486-4FC9-A616-57373A8EE26C}"
EndProject
Project("{FAE04EC0-301F-11D3-BF4B-00C04F79EFBC}") = "МодульныеТесты", "МодульныеТесты\МодульныеТесты.csproj", "{BA95009F-5779-480B-A5BA-0745F2BB402D}"
EndProject
Project("{2150E333-8FDC-42A3-9474-1A3956D46DE8}") = "Solution Items", "Solution Items", "{CD61728A-1031-4C1A-A032-5E597C9130F4}"
	ProjectSection(SolutionItems) = preProject
	EndProjectSection
EndProject
Project("{FAE04EC0-301F-11D3-BF4B-00C04F79EFBC}") = "DataGeneratorCSV", "DataGeneratorCSV\DataGeneratorCSV.csproj", "{3B2EE3CD-0E17-4CE2-8A91-F23A36436D4C}"
EndProject
Project("{FAE04EC0-301F-11D3-BF4B-00C04F79EFBC}") = "TestWriteBinaryToSQL", "TestWriteBinaryToSQL\TestWriteBinaryToSQL.csproj", "{E34E835D-F6DC-4B49-A22B-C7E3D8BBEAEB}"
EndProject
Project("{FAE04EC0-301F-11D3-BF4B-00C04F79EFBC}") = "CheckUniqueGUID", "CheckUniqueGUID\CheckUniqueGUID.csproj", "{E56EE03A-C91D-4D50-A258-A6E73F46063D}"
EndProject
Project("{2150E333-8FDC-42A3-9474-1A3956D46DE8}") = "Files", "Files", "{78910C5D-487B-481B-A4A1-D839A8BCD60D}"
	ProjectSection(SolutionItems) = preProject
		Files\Очистка таблиц.sql = Files\Очистка таблиц.sql
	EndProjectSection
EndProject
Project("{FAE04EC0-301F-11D3-BF4B-00C04F79EFBC}") = "DataGeneratorXML", "DataGeneratorXML\DataGeneratorXML.csproj", "{E0B4D59D-072F-4302-AC89-1125787D666F}"
EndProject
Project("{FAE04EC0-301F-11D3-BF4B-00C04F79EFBC}") = "WriteToSQL", "WriteToSQL\WriteToSQL.csproj", "{47D767D6-C4EC-4729-9FC5-5F0025ABD1E0}"
EndProject
Project("{FAE04EC0-301F-11D3-BF4B-00C04F79EFBC}") = "WriteToSQLBulkCopy", "WriteToSQLBulkCopy\WriteToSQLBulkCopy.csproj", "{368C676E-D3BB-4DF9-BA3D-71D2BF54B880}"
EndProject
Project("{FAE04EC0-301F-11D3-BF4B-00C04F79EFBC}") = "DataGeneratorSQL", "DataGeneratorSQL\DataGeneratorSQL.csproj", "{1471A4C7-311A-49E4-975D-32B418460F12}"
EndProject
Project("{FAE04EC0-301F-11D3-BF4B-00C04F79EFBC}") = "DataGeneratorJSON", "DataGeneratorJSON\DataGeneratorJSON.csproj", "{44B70918-9299-4562-B705-ED2F826310E0}"
EndProject
Global
	GlobalSection(SolutionConfigurationPlatforms) = preSolution
		Debug|Any CPU = Debug|Any CPU
		Release|Any CPU = Release|Any CPU
	EndGlobalSection
	GlobalSection(ProjectConfigurationPlatforms) = postSolution
		{6964E2BC-0915-4C6E-95B5-E749C36C9488}.Debug|Any CPU.ActiveCfg = Debug|Any CPU
		{6964E2BC-0915-4C6E-95B5-E749C36C9488}.Debug|Any CPU.Build.0 = Debug|Any CPU
		{6964E2BC-0915-4C6E-95B5-E749C36C9488}.Release|Any CPU.ActiveCfg = Release|Any CPU
		{6964E2BC-0915-4C6E-95B5-E749C36C9488}.Release|Any CPU.Build.0 = Release|Any CPU
		{3444B998-D99F-4D67-8645-9E426EEAD11D}.Debug|Any CPU.ActiveCfg = Debug|Any CPU
		{3444B998-D99F-4D67-8645-9E426EEAD11D}.Debug|Any CPU.Build.0 = Debug|Any CPU
		{3444B998-D99F-4D67-8645-9E426EEAD11D}.Release|Any CPU.ActiveCfg = Release|Any CPU
		{3444B998-D99F-4D67-8645-9E426EEAD11D}.Release|Any CPU.Build.0 = Release|Any CPU
		{E5464836-7486-4FC9-A616-57373A8EE26C}.Debug|Any CPU.ActiveCfg = Debug|Any CPU
		{E5464836-7486-4FC9-A616-57373A8EE26C}.Debug|Any CPU.Build.0 = Debug|Any CPU
		{E5464836-7486-4FC9-A616-57373A8EE26C}.Release|Any CPU.ActiveCfg = Release|Any CPU
		{E5464836-7486-4FC9-A616-57373A8EE26C}.Release|Any CPU.Build.0 = Release|Any CPU
		{BA95009F-5779-480B-A5BA-0745F2BB402D}.Debug|Any CPU.ActiveCfg = Debug|Any CPU
		{BA95009F-5779-480B-A5BA-0745F2BB402D}.Debug|Any CPU.Build.0 = Debug|Any CPU
		{BA95009F-5779-480B-A5BA-0745F2BB402D}.Release|Any CPU.ActiveCfg = Release|Any CPU
		{BA95009F-5779-480B-A5BA-0745F2BB402D}.Release|Any CPU.Build.0 = Release|Any CPU
		{3B2EE3CD-0E17-4CE2-8A91-F23A36436D4C}.Debug|Any CPU.ActiveCfg = Debug|Any CPU
		{3B2EE3CD-0E17-4CE2-8A91-F23A36436D4C}.Debug|Any CPU.Build.0 = Debug|Any CPU
		{3B2EE3CD-0E17-4CE2-8A91-F23A36436D4C}.Release|Any CPU.ActiveCfg = Release|Any CPU
		{3B2EE3CD-0E17-4CE2-8A91-F23A36436D4C}.Release|Any CPU.Build.0 = Release|Any CPU
		{E34E835D-F6DC-4B49-A22B-C7E3D8BBEAEB}.Debug|Any CPU.ActiveCfg = Debug|Any CPU
		{E34E835D-F6DC-4B49-A22B-C7E3D8BBEAEB}.Debug|Any CPU.Build.0 = Debug|Any CPU
		{E34E835D-F6DC-4B49-A22B-C7E3D8BBEAEB}.Release|Any CPU.ActiveCfg = Release|Any CPU
		{E34E835D-F6DC-4B49-A22B-C7E3D8BBEAEB}.Release|Any CPU.Build.0 = Release|Any CPU
		{E56EE03A-C91D-4D50-A258-A6E73F46063D}.Debug|Any CPU.ActiveCfg = Debug|Any CPU
		{E56EE03A-C91D-4D50-A258-A6E73F46063D}.Debug|Any CPU.Build.0 = Debug|Any CPU
		{E56EE03A-C91D-4D50-A258-A6E73F46063D}.Release|Any CPU.ActiveCfg = Release|Any CPU
		{E56EE03A-C91D-4D50-A258-A6E73F46063D}.Release|Any CPU.Build.0 = Release|Any CPU
		{E0B4D59D-072F-4302-AC89-1125787D666F}.Debug|Any CPU.ActiveCfg = Debug|Any CPU
		{E0B4D59D-072F-4302-AC89-1125787D666F}.Debug|Any CPU.Build.0 = Debug|Any CPU
		{E0B4D59D-072F-4302-AC89-1125787D666F}.Release|Any CPU.ActiveCfg = Release|Any CPU
		{E0B4D59D-072F-4302-AC89-1125787D666F}.Release|Any CPU.Build.0 = Release|Any CPU
		{47D767D6-C4EC-4729-9FC5-5F0025ABD1E0}.Debug|Any CPU.ActiveCfg = Debug|Any CPU
		{47D767D6-C4EC-4729-9FC5-5F0025ABD1E0}.Debug|Any CPU.Build.0 = Debug|Any CPU
		{47D767D6-C4EC-4729-9FC5-5F0025ABD1E0}.Release|Any CPU.ActiveCfg = Release|Any CPU
		{47D767D6-C4EC-4729-9FC5-5F0025ABD1E0}.Release|Any CPU.Build.0 = Release|Any CPU
		{368C676E-D3BB-4DF9-BA3D-71D2BF54B880}.Debug|Any CPU.ActiveCfg = Debug|Any CPU
		{368C676E-D3BB-4DF9-BA3D-71D2BF54B880}.Debug|Any CPU.Build.0 = Debug|Any CPU
		{368C676E-D3BB-4DF9-BA3D-71D2BF54B880}.Release|Any CPU.ActiveCfg = Release|Any CPU
		{368C676E-D3BB-4DF9-BA3D-71D2BF54B880}.Release|Any CPU.Build.0 = Release|Any CPU
		{1471A4C7-311A-49E4-975D-32B418460F12}.Debug|Any CPU.ActiveCfg = Debug|Any CPU
		{1471A4C7-311A-49E4-975D-32B418460F12}.Debug|Any CPU.Build.0 = Debug|Any CPU
		{1471A4C7-311A-49E4-975D-32B418460F12}.Release|Any CPU.ActiveCfg = Release|Any CPU
		{1471A4C7-311A-49E4-975D-32B418460F12}.Release|Any CPU.Build.0 = Release|Any CPU
		{44B70918-9299-4562-B705-ED2F826310E0}.Debug|Any CPU.ActiveCfg = Debug|Any CPU
		{44B70918-9299-4562-B705-ED2F826310E0}.Debug|Any CPU.Build.0 = Debug|Any CPU
		{44B70918-9299-4562-B705-ED2F826310E0}.Release|Any CPU.ActiveCfg = Release|Any CPU
		{44B70918-9299-4562-B705-ED2F826310E0}.Release|Any CPU.Build.0 = Release|Any CPU
	EndGlobalSection
	GlobalSection(SolutionProperties) = preSolution
		HideSolutionNode = FALSE
	EndGlobalSection
EndGlobal
